// !$*UTF8*$!
{
	archiveVersion = 1;
	classes = {
	};
	objectVersion = 55;
	objects = {

/* Begin PBXBuildFile section */
		968FD9802729ED74003F3E31 /* AppDelegate.swift in Sources */ = {isa = PBXBuildFile; fileRef = 968FD97F2729ED74003F3E31 /* AppDelegate.swift */; };
		968FD9822729ED74003F3E31 /* SceneDelegate.swift in Sources */ = {isa = PBXBuildFile; fileRef = 968FD9812729ED74003F3E31 /* SceneDelegate.swift */; };
		968FD9842729ED74003F3E31 /* ViewController.swift in Sources */ = {isa = PBXBuildFile; fileRef = 968FD9832729ED74003F3E31 /* ViewController.swift */; };
		968FD9872729ED74003F3E31 /* Main.storyboard in Resources */ = {isa = PBXBuildFile; fileRef = 968FD9852729ED74003F3E31 /* Main.storyboard */; };
		968FD9892729ED75003F3E31 /* Assets.xcassets in Resources */ = {isa = PBXBuildFile; fileRef = 968FD9882729ED75003F3E31 /* Assets.xcassets */; };
		968FD98C2729ED75003F3E31 /* LaunchScreen.storyboard in Resources */ = {isa = PBXBuildFile; fileRef = 968FD98A2729ED75003F3E31 /* LaunchScreen.storyboard */; };
		968FD9952729F360003F3E31 /* UIImage+.swift in Sources */ = {isa = PBXBuildFile; fileRef = 968FD9942729F360003F3E31 /* UIImage+.swift */; };
/* End PBXBuildFile section */

/* Begin PBXFileReference section */
		968FD97C2729ED74003F3E31 /* BasicSwiftBoilerPlate.app */ = {isa = PBXFileReference; explicitFileType = wrapper.application; includeInIndex = 0; path = BasicSwiftBoilerPlate.app; sourceTree = BUILT_PRODUCTS_DIR; };
		968FD97F2729ED74003F3E31 /* AppDelegate.swift */ = {isa = PBXFileReference; lastKnownFileType = sourcecode.swift; path = AppDelegate.swift; sourceTree = "<group>"; };
		968FD9812729ED74003F3E31 /* SceneDelegate.swift */ = {isa = PBXFileReference; lastKnownFileType = sourcecode.swift; path = SceneDelegate.swift; sourceTree = "<group>"; };
		968FD9832729ED74003F3E31 /* ViewController.swift */ = {isa = PBXFileReference; lastKnownFileType = sourcecode.swift; path = ViewController.swift; sourceTree = "<group>"; };
		968FD9862729ED74003F3E31 /* Base */ = {isa = PBXFileReference; lastKnownFileType = file.storyboard; name = Base; path = Base.lproj/Main.storyboard; sourceTree = "<group>"; };
		968FD9882729ED75003F3E31 /* Assets.xcassets */ = {isa = PBXFileReference; lastKnownFileType = folder.assetcatalog; path = Assets.xcassets; sourceTree = "<group>"; };
		968FD98B2729ED75003F3E31 /* Base */ = {isa = PBXFileReference; lastKnownFileType = file.storyboard; name = Base; path = Base.lproj/LaunchScreen.storyboard; sourceTree = "<group>"; };
		968FD98D2729ED75003F3E31 /* Info.plist */ = {isa = PBXFileReference; lastKnownFileType = text.plist.xml; path = Info.plist; sourceTree = "<group>"; };
		968FD9942729F360003F3E31 /* UIImage+.swift */ = {isa = PBXFileReference; lastKnownFileType = sourcecode.swift; name = "UIImage+.swift"; path = "../../../UIImage+.swift"; sourceTree = "<group>"; };
/* End PBXFileReference section */

/* Begin PBXFrameworksBuildPhase section */
		968FD9792729ED74003F3E31 /* Frameworks */ = {
			isa = PBXFrameworksBuildPhase;
			buildActionMask = 2147483647;
			files = (
			);
			runOnlyForDeploymentPostprocessing = 0;
		};
/* End PBXFrameworksBuildPhase section */

/* Begin PBXGroup section */
		968FD9732729ED74003F3E31 = {
			isa = PBXGroup;
			children = (
				968FD97E2729ED74003F3E31 /* BasicSwiftBoilerPlate */,
				968FD97D2729ED74003F3E31 /* Products */,
			);
			sourceTree = "<group>";
		};
		968FD97D2729ED74003F3E31 /* Products */ = {
			isa = PBXGroup;
			children = (
				968FD97C2729ED74003F3E31 /* BasicSwiftBoilerPlate.app */,
			);
			name = Products;
			sourceTree = "<group>";
		};
		968FD97E2729ED74003F3E31 /* BasicSwiftBoilerPlate */ = {
			isa = PBXGroup;
			children = (
				968FD9932729F325003F3E31 /* Extensions */,
				968FD97F2729ED74003F3E31 /* AppDelegate.swift */,
				968FD9812729ED74003F3E31 /* SceneDelegate.swift */,
				968FD9832729ED74003F3E31 /* ViewController.swift */,
				968FD9852729ED74003F3E31 /* Main.storyboard */,
				968FD9882729ED75003F3E31 /* Assets.xcassets */,
				968FD98A2729ED75003F3E31 /* LaunchScreen.storyboard */,
				968FD98D2729ED75003F3E31 /* Info.plist */,
			);
			path = BasicSwiftBoilerPlate;
			sourceTree = "<group>";
		};
		968FD9932729F325003F3E31 /* Extensions */ = {
			isa = PBXGroup;
			children = (
				968FD9942729F360003F3E31 /* UIImage+.swift */,
			);
			path = Extensions;
			sourceTree = "<group>";
		};
/* End PBXGroup section */

/* Begin PBXNativeTarget section */
		968FD97B2729ED74003F3E31 /* BasicSwiftBoilerPlate */ = {
			isa = PBXNativeTarget;
			buildConfigurationList = 968FD9902729ED75003F3E31 /* Build configuration list for PBXNativeTarget "BasicSwiftBoilerPlate" */;
			buildPhases = (
				968FD9782729ED74003F3E31 /* Sources */,
				968FD9792729ED74003F3E31 /* Frameworks */,
				968FD97A2729ED74003F3E31 /* Resources */,
			);
			buildRules = (
			);
			dependencies = (
			);
			name = BasicSwiftBoilerPlate;
			productName = BasicSwiftBoilerPlate;
			productReference = 968FD97C2729ED74003F3E31 /* BasicSwiftBoilerPlate.app */;
			productType = "com.apple.product-type.application";
		};
/* End PBXNativeTarget section */

/* Begin PBXProject section */
		968FD9742729ED74003F3E31 /* Project object */ = {
			isa = PBXProject;
			attributes = {
				BuildIndependentTargetsInParallel = 1;
				LastSwiftUpdateCheck = 1300;
				LastUpgradeCheck = 1300;
				TargetAttributes = {
					968FD97B2729ED74003F3E31 = {
						CreatedOnToolsVersion = 13.0;
					};
				};
			};
			buildConfigurationList = 968FD9772729ED74003F3E31 /* Build configuration list for PBXProject "BasicSwiftBoilerPlate" */;
			compatibilityVersion = "Xcode 13.0";
			developmentRegion = en;
			hasScannedForEncodings = 0;
			knownRegions = (
				en,
				Base,
			);
			mainGroup = 968FD9732729ED74003F3E31;
			productRefGroup = 968FD97D2729ED74003F3E31 /* Products */;
			projectDirPath = "";
			projectRoot = "";
			targets = (
				968FD97B2729ED74003F3E31 /* BasicSwiftBoilerPlate */,
			);
		};
/* End PBXProject section */

/* Begin PBXResourcesBuildPhase section */
		968FD97A2729ED74003F3E31 /* Resources */ = {
			isa = PBXResourcesBuildPhase;
			buildActionMask = 2147483647;
			files = (
				968FD98C2729ED75003F3E31 /* LaunchScreen.storyboard in Resources */,
				968FD9892729ED75003F3E31 /* Assets.xcassets in Resources */,
				968FD9872729ED74003F3E31 /* Main.storyboard in Resources */,
			);
			runOnlyForDeploymentPostprocessing = 0;
		};
/* End PBXResourcesBuildPhase section */

/* Begin PBXSourcesBuildPhase section */
		968FD9782729ED74003F3E31 /* Sources */ = {
			isa = PBXSourcesBuildPhase;
			buildActionMask = 2147483647;
			files = (
				968FD9842729ED74003F3E31 /* ViewController.swift in Sources */,
				968FD9952729F360003F3E31 /* UIImage+.swift in Sources */,
				968FD9802729ED74003F3E31 /* AppDelegate.swift in Sources */,
				968FD9822729ED74003F3E31 /* SceneDelegate.swift in Sources */,
			);
			runOnlyForDeploymentPostprocessing = 0;
		};
/* End PBXSourcesBuildPhase section */

/* Begin PBXVariantGroup section */
		968FD9852729ED74003F3E31 /* Main.storyboard */ = {
			isa = PBXVariantGroup;
			children = (
				968FD9862729ED74003F3E31 /* Base */,
			);
			name = Main.storyboard;
			sourceTree = "<group>";
		};
		968FD98A2729ED75003F3E31 /* LaunchScreen.storyboard */ = {
			isa = PBXVariantGroup;
			children = (
				968FD98B2729ED75003F3E31 /* Base */,
			);
			name = LaunchScreen.storyboard;
			sourceTree = "<group>";
		};
/* End PBXVariantGroup section */

/* Begin XCBuildConfiguration section */
		968FD98E2729ED75003F3E31 /* Debug */ = {
			isa = XCBuildConfiguration;
			buildSettings = {
				ALWAYS_SEARCH_USER_PATHS = NO;
				CLANG_ANALYZER_NONNULL = YES;
				CLANG_ANALYZER_NUMBER_OBJECT_CONVERSION = YES_AGGRESSIVE;
				CLANG_CXX_LANGUAGE_STANDARD = "gnu++17";
				CLANG_CXX_LIBRARY = "libc++";
				CLANG_ENABLE_MODULES = YES;
				CLANG_ENABLE_OBJC_ARC = YES;
				CLANG_ENABLE_OBJC_WEAK = YES;
				CLANG_WARN_BLOCK_CAPTURE_AUTORELEASING = YES;
				CLANG_WARN_BOOL_CONVERSION = YES;
				CLANG_WARN_COMMA = YES;
				CLANG_WARN_CONSTANT_CONVERSION = YES;
				CLANG_WARN_DEPRECATED_OBJC_IMPLEMENTATIONS = YES;
				CLANG_WARN_DIRECT_OBJC_ISA_USAGE = YES_ERROR;
				CLANG_WARN_DOCUMENTATION_COMMENTS = YES;
				CLANG_WARN_EMPTY_BODY = YES;
				CLANG_WARN_ENUM_CONVERSION = YES;
				CLANG_WARN_INFINITE_RECURSION = YES;
				CLANG_WARN_INT_CONVERSION = YES;
				CLANG_WARN_NON_LITERAL_NULL_CONVERSION = YES;
				CLANG_WARN_OBJC_IMPLICIT_RETAIN_SELF = YES;
				CLANG_WARN_OBJC_LITERAL_CONVERSION = YES;
				CLANG_WARN_OBJC_ROOT_CLASS = YES_ERROR;
				CLANG_WARN_QUOTED_INCLUDE_IN_FRAMEWORK_HEADER = YES;
				CLANG_WARN_RANGE_LOOP_ANALYSIS = YES;
				CLANG_WARN_STRICT_PROTOTYPES = YES;
				CLANG_WARN_SUSPICIOUS_MOVE = YES;
				CLANG_WARN_UNGUARDED_AVAILABILITY = YES_AGGRESSIVE;
				CLANG_WARN_UNREACHABLE_CODE = YES;
				CLANG_WARN__DUPLICATE_METHOD_MATCH = YES;
				COPY_PHASE_STRIP = NO;
				DEBUG_INFORMATION_FORMAT = dwarf;
				ENABLE_STRICT_OBJC_MSGSEND = YES;
				ENABLE_TESTABILITY = YES;
				GCC_C_LANGUAGE_STANDARD = gnu11;
				GCC_DYNAMIC_NO_PIC = NO;
				GCC_NO_COMMON_BLOCKS = YES;
				GCC_OPTIMIZATION_LEVEL = 0;
				GCC_PREPROCESSOR_DEFINITIONS = (
					"DEBUG=1",
					"$(inherited)",
				);
				GCC_WARN_64_TO_32_BIT_CONVERSION = YES;
				GCC_WARN_ABOUT_RETURN_TYPE = YES_ERROR;
				GCC_WARN_UNDECLARED_SELECTOR = YES;
				GCC_WARN_UNINITIALIZED_AUTOS = YES_AGGRESSIVE;
				GCC_WARN_UNUSED_FUNCTION = YES;
				GCC_WARN_UNUSED_VARIABLE = YES;
				IPHONEOS_DEPLOYMENT_TARGET = 15.0;
				MTL_ENABLE_DEBUG_INFO = INCLUDE_SOURCE;
				MTL_FAST_MATH = YES;
				ONLY_ACTIVE_ARCH = YES;
				SDKROOT = iphoneos;
				SWIFT_ACTIVE_COMPILATION_CONDITIONS = DEBUG;
				SWIFT_OPTIMIZATION_LEVEL = "-Onone";
			};
			name = Debug;
		};
		968FD98F2729ED75003F3E31 /* Release */ = {
			isa = XCBuildConfiguration;
			buildSettings = {
				ALWAYS_SEARCH_USER_PATHS = NO;
				CLANG_ANALYZER_NONNULL = YES;
				CLANG_ANALYZER_NUMBER_OBJECT_CONVERSION = YES_AGGRESSIVE;
				CLANG_CXX_LANGUAGE_STANDARD = "gnu++17";
				CLANG_CXX_LIBRARY = "libc++";
				CLANG_ENABLE_MODULES = YES;
				CLANG_ENABLE_OBJC_ARC = YES;
				CLANG_ENABLE_OBJC_WEAK = YES;
				CLANG_WARN_BLOCK_CAPTURE_AUTORELEASING = YES;
				CLANG_WARN_BOOL_CONVERSION = YES;
				CLANG_WARN_COMMA = YES;
				CLANG_WARN_CONSTANT_CONVERSION = YES;
				CLANG_WARN_DEPRECATED_OBJC_IMPLEMENTATIONS = YES;
				CLANG_WARN_DIRECT_OBJC_ISA_USAGE = YES_ERROR;
				CLANG_WARN_DOCUMENTATION_COMMENTS = YES;
				CLANG_WARN_EMPTY_BODY = YES;
				CLANG_WARN_ENUM_CONVERSION = YES;
				CLANG_WARN_INFINITE_RECURSION = YES;
				CLANG_WARN_INT_CONVERSION = YES;
				CLANG_WARN_NON_LITERAL_NULL_CONVERSION = YES;
				CLANG_WARN_OBJC_IMPLICIT_RETAIN_SELF = YES;
				CLANG_WARN_OBJC_LITERAL_CONVERSION = YES;
				CLANG_WARN_OBJC_ROOT_CLASS = YES_ERROR;
				CLANG_WARN_QUOTED_INCLUDE_IN_FRAMEWORK_HEADER = YES;
				CLANG_WARN_RANGE_LOOP_ANALYSIS = YES;
				CLANG_WARN_STRICT_PROTOTYPES = YES;
				CLANG_WARN_SUSPICIOUS_MOVE = YES;
				CLANG_WARN_UNGUARDED_AVAILABILITY = YES_AGGRESSIVE;
				CLANG_WARN_UNREACHABLE_CODE = YES;
				CLANG_WARN__DUPLICATE_METHOD_MATCH = YES;
				COPY_PHASE_STRIP = NO;
				DEBUG_INFORMATION_FORMAT = "dwarf-with-dsym";
				ENABLE_NS_ASSERTIONS = NO;
				ENABLE_STRICT_OBJC_MSGSEND = YES;
				GCC_C_LANGUAGE_STANDARD = gnu11;
				GCC_NO_COMMON_BLOCKS = YES;
				GCC_WARN_64_TO_32_BIT_CONVERSION = YES;
				GCC_WARN_ABOUT_RETURN_TYPE = YES_ERROR;
				GCC_WARN_UNDECLARED_SELECTOR = YES;
				GCC_WARN_UNINITIALIZED_AUTOS = YES_AGGRESSIVE;
				GCC_WARN_UNUSED_FUNCTION = YES;
				GCC_WARN_UNUSED_VARIABLE = YES;
				IPHONEOS_DEPLOYMENT_TARGET = 15.0;
				MTL_ENABLE_DEBUG_INFO = NO;
				MTL_FAST_MATH = YES;
				SDKROOT = iphoneos;
				SWIFT_COMPILATION_MODE = wholemodule;
				SWIFT_OPTIMIZATION_LEVEL = "-O";
				VALIDATE_PRODUCT = YES;
			};
			name = Release;
		};
		968FD9912729ED75003F3E31 /* Debug */ = {
			isa = XCBuildConfiguration;
			buildSettings = {
				ASSETCATALOG_COMPILER_APPICON_NAME = AppIcon;
				ASSETCATALOG_COMPILER_GLOBAL_ACCENT_COLOR_NAME = AccentColor;
				CODE_SIGN_STYLE = Automatic;
				CURRENT_PROJECT_VERSION = 1;
				DEVELOPMENT_TEAM = SKTD6TJLJA;
				GENERATE_INFOPLIST_FILE = YES;
				INFOPLIST_FILE = BasicSwiftBoilerPlate/Info.plist;
				INFOPLIST_KEY_UIApplicationSupportsIndirectInputEvents = YES;
				INFOPLIST_KEY_UILaunchStoryboardName = LaunchScreen;
				INFOPLIST_KEY_UIMainStoryboardFile = Main;
				INFOPLIST_KEY_UISupportedInterfaceOrientations_iPad = "UIInterfaceOrientationPortrait UIInterfaceOrientationPortraitUpsideDown UIInterfaceOrientationLandscapeLeft UIInterfaceOrientationLandscapeRight";
				INFOPLIST_KEY_UISupportedInterfaceOrientations_iPhone = "UIInterfaceOrientationPortrait UIInterfaceOrientationLandscapeLeft UIInterfaceOrientationLandscapeRight";
				LD_RUNPATH_SEARCH_PATHS = (
					"$(inherited)",
					"@executable_path/Frameworks",
				);
				MARKETING_VERSION = 1.0;
				PRODUCT_BUNDLE_IDENTIFIER = com.slothius.swift5.boilerplate.BasicSwiftBoilerPlate;
				PRODUCT_NAME = "$(TARGET_NAME)";
				SWIFT_EMIT_LOC_STRINGS = YES;
				SWIFT_VERSION = 5.0;
				TARGETED_DEVICE_FAMILY = "1,2";
			};
			name = Debug;
		};
		968FD9922729ED75003F3E31 /* Release */ = {
			isa = XCBuildConfiguration;
			buildSettings = {
				ASSETCATALOG_COMPILER_APPICON_NAME = AppIcon;
				ASSETCATALOG_COMPILER_GLOBAL_ACCENT_COLOR_NAME = AccentColor;
				CODE_SIGN_STYLE = Automatic;
				CURRENT_PROJECT_VERSION = 1;
				DEVELOPMENT_TEAM = SKTD6TJLJA;
				GENERATE_INFOPLIST_FILE = YES;
				INFOPLIST_FILE = BasicSwiftBoilerPlate/Info.plist;
				INFOPLIST_KEY_UIApplicationSupportsIndirectInputEvents = YES;
				INFOPLIST_KEY_UILaunchStoryboardName = LaunchScreen;
				INFOPLIST_KEY_UIMainStoryboardFile = Main;
				INFOPLIST_KEY_UISupportedInterfaceOrientations_iPad = "UIInterfaceOrientationPortrait UIInterfaceOrientationPortraitUpsideDown UIInterfaceOrientationLandscapeLeft UIInterfaceOrientationLandscapeRight";
				INFOPLIST_KEY_UISupportedInterfaceOrientations_iPhone = "UIInterfaceOrientationPortrait UIInterfaceOrientationLandscapeLeft UIInterfaceOrientationLandscapeRight";
				LD_RUNPATH_SEARCH_PATHS = (
					"$(inherited)",
					"@executable_path/Frameworks",
				);
				MARKETING_VERSION = 1.0;
				PRODUCT_BUNDLE_IDENTIFIER = com.slothius.swift5.boilerplate.BasicSwiftBoilerPlate;
				PRODUCT_NAME = "$(TARGET_NAME)";
				SWIFT_EMIT_LOC_STRINGS = YES;
				SWIFT_VERSION = 5.0;
				TARGETED_DEVICE_FAMILY = "1,2";
			};
			name = Release;
		};
/* End XCBuildConfiguration section */

/* Begin XCConfigurationList section */
		968FD9772729ED74003F3E31 /* Build configuration list for PBXProject "BasicSwiftBoilerPlate" */ = {
			isa = XCConfigurationList;
			buildConfigurations = (
				968FD98E2729ED75003F3E31 /* Debug */,
				968FD98F2729ED75003F3E31 /* Release */,
			);
			defaultConfigurationIsVisible = 0;
			defaultConfigurationName = Release;
		};
		968FD9902729ED75003F3E31 /* Build configuration list for PBXNativeTarget "BasicSwiftBoilerPlate" */ = {
			isa = XCConfigurationList;
			buildConfigurations = (
				968FD9912729ED75003F3E31 /* Debug */,
				968FD9922729ED75003F3E31 /* Release */,
			);
			defaultConfigurationIsVisible = 0;
			defaultConfigurationName = Release;
		};
/* End XCConfigurationList section */
	};
	rootObject = 968FD9742729ED74003F3E31 /* Project object */;
}
